
Microsoft Visual Studio Solution File, Format Version 12.00
# Visual Studio 15
VisualStudioVersion = 15.0.27130.2010
MinimumVisualStudioVersion = 10.0.40219.1
Project("{FAE04EC0-301F-11D3-BF4B-00C04F79EFBC}") = "Taller1", "Taller1\Taller1.csproj", "{26A946C9-076C-4AEF-93C6-2C41E613C26C}"
EndProject
Global
	GlobalSection(SolutionConfigurationPlatforms) = preSolution
		Debug|Any CPU = Debug|Any CPU
		Release|Any CPU = Release|Any CPU
	EndGlobalSection
	GlobalSection(ProjectConfigurationPlatforms) = postSolution
		{26A946C9-076C-4AEF-93C6-2C41E613C26C}.Debug|Any CPU.ActiveCfg = Debug|Any CPU
		{26A946C9-076C-4AEF-93C6-2C41E613C26C}.Debug|Any CPU.Build.0 = Debug|Any CPU
		{26A946C9-076C-4AEF-93C6-2C41E613C26C}.Release|Any CPU.ActiveCfg = Release|Any CPU
		{26A946C9-076C-4AEF-93C6-2C41E613C26C}.Release|Any CPU.Build.0 = Release|Any CPU
	EndGlobalSection
	GlobalSection(SolutionProperties) = preSolution
		HideSolutionNode = FALSE
	EndGlobalSection
	GlobalSection(ExtensibilityGlobals) = postSolution
		SolutionGuid = {CC652386-19F7-4132-8CDE-FAE311BD372C}
	EndGlobalSection
EndGlobal
