
Microsoft Visual Studio Solution File, Format Version 12.00
# Visual Studio 15
VisualStudioVersion = 15.0.27130.2010
MinimumVisualStudioVersion = 10.0.40219.1
Project("{FAE04EC0-301F-11D3-BF4B-00C04F79EFBC}") = "Lab07.Tests", "Lab07.Tests\Lab07.Tests.csproj", "{573E9E79-3FC9-459F-83F5-E53F89C2E15F}"
EndProject
Project("{FAE04EC0-301F-11D3-BF4B-00C04F79EFBC}") = "BusinessLogic", "BusinessLogic\BusinessLogic.csproj", "{FAC9B84F-7395-4603-9EFD-A10EFF951FFF}"
EndProject
Project("{FAE04EC0-301F-11D3-BF4B-00C04F79EFBC}") = "Entities", "Entities\Entities.csproj", "{3D1B3D86-ACB7-4FA4-A4E9-D3326151A6F8}"
EndProject
Global
	GlobalSection(SolutionConfigurationPlatforms) = preSolution
		Debug|Any CPU = Debug|Any CPU
		Release|Any CPU = Release|Any CPU
	EndGlobalSection
	GlobalSection(ProjectConfigurationPlatforms) = postSolution
		{573E9E79-3FC9-459F-83F5-E53F89C2E15F}.Debug|Any CPU.ActiveCfg = Debug|Any CPU
		{573E9E79-3FC9-459F-83F5-E53F89C2E15F}.Debug|Any CPU.Build.0 = Debug|Any CPU
		{573E9E79-3FC9-459F-83F5-E53F89C2E15F}.Release|Any CPU.ActiveCfg = Release|Any CPU
		{573E9E79-3FC9-459F-83F5-E53F89C2E15F}.Release|Any CPU.Build.0 = Release|Any CPU
		{FAC9B84F-7395-4603-9EFD-A10EFF951FFF}.Debug|Any CPU.ActiveCfg = Debug|Any CPU
		{FAC9B84F-7395-4603-9EFD-A10EFF951FFF}.Debug|Any CPU.Build.0 = Debug|Any CPU
		{FAC9B84F-7395-4603-9EFD-A10EFF951FFF}.Release|Any CPU.ActiveCfg = Release|Any CPU
		{FAC9B84F-7395-4603-9EFD-A10EFF951FFF}.Release|Any CPU.Build.0 = Release|Any CPU
		{3D1B3D86-ACB7-4FA4-A4E9-D3326151A6F8}.Debug|Any CPU.ActiveCfg = Debug|Any CPU
		{3D1B3D86-ACB7-4FA4-A4E9-D3326151A6F8}.Debug|Any CPU.Build.0 = Debug|Any CPU
		{3D1B3D86-ACB7-4FA4-A4E9-D3326151A6F8}.Release|Any CPU.ActiveCfg = Release|Any CPU
		{3D1B3D86-ACB7-4FA4-A4E9-D3326151A6F8}.Release|Any CPU.Build.0 = Release|Any CPU
	EndGlobalSection
	GlobalSection(SolutionProperties) = preSolution
		HideSolutionNode = FALSE
	EndGlobalSection
	GlobalSection(ExtensibilityGlobals) = postSolution
		SolutionGuid = {1D20342C-E761-4B04-97DD-4AC1A97ADC1A}
	EndGlobalSection
EndGlobal
